// !$*UTF8*$!
{
	archiveVersion = 1;
	classes = {
	};
	objectVersion = 48;
	objects = {

/* Begin PBXBuildFile section */
		D551E1952050B97700B3D537 /* AppDelegate.swift in Sources */ = {isa = PBXBuildFile; fileRef = D551E1942050B97700B3D537 /* AppDelegate.swift */; };
		D551E1972050B97700B3D537 /* ViewController.swift in Sources */ = {isa = PBXBuildFile; fileRef = D551E1962050B97700B3D537 /* ViewController.swift */; };
		D551E19A2050B97700B3D537 /* Main.storyboard in Resources */ = {isa = PBXBuildFile; fileRef = D551E1982050B97700B3D537 /* Main.storyboard */; };
		D551E19C2050B97700B3D537 /* Assets.xcassets in Resources */ = {isa = PBXBuildFile; fileRef = D551E19B2050B97700B3D537 /* Assets.xcassets */; };
		D551E19F2050B97700B3D537 /* LaunchScreen.storyboard in Resources */ = {isa = PBXBuildFile; fileRef = D551E19D2050B97700B3D537 /* LaunchScreen.storyboard */; };
/* End PBXBuildFile section */

/* Begin PBXFileReference section */
		D551E1912050B97700B3D537 /* Modali-TrackMyJunkFood.app */ = {isa = PBXFileReference; explicitFileType = wrapper.application; includeInIndex = 0; path = "Modali-TrackMyJunkFood.app"; sourceTree = BUILT_PRODUCTS_DIR; };
		D551E1942050B97700B3D537 /* AppDelegate.swift */ = {isa = PBXFileReference; lastKnownFileType = sourcecode.swift; path = AppDelegate.swift; sourceTree = "<group>"; };
		D551E1962050B97700B3D537 /* ViewController.swift */ = {isa = PBXFileReference; lastKnownFileType = sourcecode.swift; path = ViewController.swift; sourceTree = "<group>"; };
		D551E1992050B97700B3D537 /* Base */ = {isa = PBXFileReference; lastKnownFileType = file.storyboard; name = Base; path = Base.lproj/Main.storyboard; sourceTree = "<group>"; };
		D551E19B2050B97700B3D537 /* Assets.xcassets */ = {isa = PBXFileReference; lastKnownFileType = folder.assetcatalog; path = Assets.xcassets; sourceTree = "<group>"; };
		D551E19E2050B97700B3D537 /* Base */ = {isa = PBXFileReference; lastKnownFileType = file.storyboard; name = Base; path = Base.lproj/LaunchScreen.storyboard; sourceTree = "<group>"; };
		D551E1A02050B97700B3D537 /* Info.plist */ = {isa = PBXFileReference; lastKnownFileType = text.plist.xml; path = Info.plist; sourceTree = "<group>"; };
/* End PBXFileReference section */

/* Begin PBXFrameworksBuildPhase section */
		D551E18E2050B97700B3D537 /* Frameworks */ = {
			isa = PBXFrameworksBuildPhase;
			buildActionMask = 2147483647;
			files = (
			);
			runOnlyForDeploymentPostprocessing = 0;
		};
/* End PBXFrameworksBuildPhase section */

/* Begin PBXGroup section */
		D551E1882050B97700B3D537 = {
			isa = PBXGroup;
			children = (
				D551E1932050B97700B3D537 /* Modali-TrackMyJunkFood */,
				D551E1922050B97700B3D537 /* Products */,
			);
			sourceTree = "<group>";
		};
		D551E1922050B97700B3D537 /* Products */ = {
			isa = PBXGroup;
			children = (
				D551E1912050B97700B3D537 /* Modali-TrackMyJunkFood.app */,
			);
			name = Products;
			sourceTree = "<group>";
		};
		D551E1932050B97700B3D537 /* Modali-TrackMyJunkFood */ = {
			isa = PBXGroup;
			children = (
				D551E1942050B97700B3D537 /* AppDelegate.swift */,
				D551E1962050B97700B3D537 /* ViewController.swift */,
				D551E1982050B97700B3D537 /* Main.storyboard */,
				D551E19B2050B97700B3D537 /* Assets.xcassets */,
				D551E19D2050B97700B3D537 /* LaunchScreen.storyboard */,
				D551E1A02050B97700B3D537 /* Info.plist */,
			);
			path = "Modali-TrackMyJunkFood";
			sourceTree = "<group>";
		};
/* End PBXGroup section */

/* Begin PBXNativeTarget section */
		D551E1902050B97700B3D537 /* Modali-TrackMyJunkFood */ = {
			isa = PBXNativeTarget;
			buildConfigurationList = D551E1A32050B97700B3D537 /* Build configuration list for PBXNativeTarget "Modali-TrackMyJunkFood" */;
			buildPhases = (
				D551E18D2050B97700B3D537 /* Sources */,
				D551E18E2050B97700B3D537 /* Frameworks */,
				D551E18F2050B97700B3D537 /* Resources */,
			);
			buildRules = (
			);
			dependencies = (
			);
			name = "Modali-TrackMyJunkFood";
			productName = "Modali-TrackMyJunkFood";
			productReference = D551E1912050B97700B3D537 /* Modali-TrackMyJunkFood.app */;
			productType = "com.apple.product-type.application";
		};
/* End PBXNativeTarget section */

/* Begin PBXProject section */
		D551E1892050B97700B3D537 /* Project object */ = {
			isa = PBXProject;
			attributes = {
				LastSwiftUpdateCheck = 0920;
				LastUpgradeCheck = 0920;
				ORGANIZATIONNAME = "Modali,Naga Sravanthi";
				TargetAttributes = {
					D551E1902050B97700B3D537 = {
						CreatedOnToolsVersion = 9.2;
						ProvisioningStyle = Automatic;
					};
				};
			};
			buildConfigurationList = D551E18C2050B97700B3D537 /* Build configuration list for PBXProject "Modali-TrackMyJunkFood" */;
			compatibilityVersion = "Xcode 8.0";
			developmentRegion = en;
			hasScannedForEncodings = 0;
			knownRegions = (
				en,
				Base,
			);
			mainGroup = D551E1882050B97700B3D537;
			productRefGroup = D551E1922050B97700B3D537 /* Products */;
			projectDirPath = "";
			projectRoot = "";
			targets = (
				D551E1902050B97700B3D537 /* Modali-TrackMyJunkFood */,
			);
		};
/* End PBXProject section */

/* Begin PBXResourcesBuildPhase section */
		D551E18F2050B97700B3D537 /* Resources */ = {
			isa = PBXResourcesBuildPhase;
			buildActionMask = 2147483647;
			files = (
				D551E19F2050B97700B3D537 /* LaunchScreen.storyboard in Resources */,
				D551E19C2050B97700B3D537 /* Assets.xcassets in Resources */,
				D551E19A2050B97700B3D537 /* Main.storyboard in Resources */,
			);
			runOnlyForDeploymentPostprocessing = 0;
		};
/* End PBXResourcesBuildPhase section */

/* Begin PBXSourcesBuildPhase section */
		D551E18D2050B97700B3D537 /* Sources */ = {
			isa = PBXSourcesBuildPhase;
			buildActionMask = 2147483647;
			files = (
				D551E1972050B97700B3D537 /* ViewController.swift in Sources */,
				D551E1952050B97700B3D537 /* AppDelegate.swift in Sources */,
			);
			runOnlyForDeploymentPostprocessing = 0;
		};
/* End PBXSourcesBuildPhase section */

/* Begin PBXVariantGroup section */
		D551E1982050B97700B3D537 /* Main.storyboard */ = {
			isa = PBXVariantGroup;
			children = (
				D551E1992050B97700B3D537 /* Base */,
			);
			name = Main.storyboard;
			sourceTree = "<group>";
		};
		D551E19D2050B97700B3D537 /* LaunchScreen.storyboard */ = {
			isa = PBXVariantGroup;
			children = (
				D551E19E2050B97700B3D537 /* Base */,
			);
			name = LaunchScreen.storyboard;
			sourceTree = "<group>";
		};
/* End PBXVariantGroup section */

/* Begin XCBuildConfiguration section */
		D551E1A12050B97700B3D537 /* Debug */ = {
			isa = XCBuildConfiguration;
			buildSettings = {
				ALWAYS_SEARCH_USER_PATHS = NO;
				CLANG_ANALYZER_NONNULL = YES;
				CLANG_ANALYZER_NUMBER_OBJECT_CONVERSION = YES_AGGRESSIVE;
				CLANG_CXX_LANGUAGE_STANDARD = "gnu++14";
				CLANG_CXX_LIBRARY = "libc++";
				CLANG_ENABLE_MODULES = YES;
				CLANG_ENABLE_OBJC_ARC = YES;
				CLANG_WARN_BLOCK_CAPTURE_AUTORELEASING = YES;
				CLANG_WARN_BOOL_CONVERSION = YES;
				CLANG_WARN_COMMA = YES;
				CLANG_WARN_CONSTANT_CONVERSION = YES;
				CLANG_WARN_DIRECT_OBJC_ISA_USAGE = YES_ERROR;
				CLANG_WARN_DOCUMENTATION_COMMENTS = YES;
				CLANG_WARN_EMPTY_BODY = YES;
				CLANG_WARN_ENUM_CONVERSION = YES;
				CLANG_WARN_INFINITE_RECURSION = YES;
				CLANG_WARN_INT_CONVERSION = YES;
				CLANG_WARN_NON_LITERAL_NULL_CONVERSION = YES;
				CLANG_WARN_OBJC_LITERAL_CONVERSION = YES;
				CLANG_WARN_OBJC_ROOT_CLASS = YES_ERROR;
				CLANG_WARN_RANGE_LOOP_ANALYSIS = YES;
				CLANG_WARN_STRICT_PROTOTYPES = YES;
				CLANG_WARN_SUSPICIOUS_MOVE = YES;
				CLANG_WARN_UNGUARDED_AVAILABILITY = YES_AGGRESSIVE;
				CLANG_WARN_UNREACHABLE_CODE = YES;
				CLANG_WARN__DUPLICATE_METHOD_MATCH = YES;
				CODE_SIGN_IDENTITY = "iPhone Developer";
				COPY_PHASE_STRIP = NO;
				DEBUG_INFORMATION_FORMAT = dwarf;
				ENABLE_STRICT_OBJC_MSGSEND = YES;
				ENABLE_TESTABILITY = YES;
				GCC_C_LANGUAGE_STANDARD = gnu11;
				GCC_DYNAMIC_NO_PIC = NO;
				GCC_NO_COMMON_BLOCKS = YES;
				GCC_OPTIMIZATION_LEVEL = 0;
				GCC_PREPROCESSOR_DEFINITIONS = (
					"DEBUG=1",
					"$(inherited)",
				);
				GCC_WARN_64_TO_32_BIT_CONVERSION = YES;
				GCC_WARN_ABOUT_RETURN_TYPE = YES_ERROR;
				GCC_WARN_UNDECLARED_SELECTOR = YES;
				GCC_WARN_UNINITIALIZED_AUTOS = YES_AGGRESSIVE;
				GCC_WARN_UNUSED_FUNCTION = YES;
				GCC_WARN_UNUSED_VARIABLE = YES;
				IPHONEOS_DEPLOYMENT_TARGET = 11.2;
				MTL_ENABLE_DEBUG_INFO = YES;
				ONLY_ACTIVE_ARCH = YES;
				SDKROOT = iphoneos;
				SWIFT_ACTIVE_COMPILATION_CONDITIONS = DEBUG;
				SWIFT_OPTIMIZATION_LEVEL = "-Onone";
			};
			name = Debug;
		};
		D551E1A22050B97700B3D537 /* Release */ = {
			isa = XCBuildConfiguration;
			buildSettings = {
				ALWAYS_SEARCH_USER_PATHS = NO;
				CLANG_ANALYZER_NONNULL = YES;
				CLANG_ANALYZER_NUMBER_OBJECT_CONVERSION = YES_AGGRESSIVE;
				CLANG_CXX_LANGUAGE_STANDARD = "gnu++14";
				CLANG_CXX_LIBRARY = "libc++";
				CLANG_ENABLE_MODULES = YES;
				CLANG_ENABLE_OBJC_ARC = YES;
				CLANG_WARN_BLOCK_CAPTURE_AUTORELEASING = YES;
				CLANG_WARN_BOOL_CONVERSION = YES;
				CLANG_WARN_COMMA = YES;
				CLANG_WARN_CONSTANT_CONVERSION = YES;
				CLANG_WARN_DIRECT_OBJC_ISA_USAGE = YES_ERROR;
				CLANG_WARN_DOCUMENTATION_COMMENTS = YES;
				CLANG_WARN_EMPTY_BODY = YES;
				CLANG_WARN_ENUM_CONVERSION = YES;
				CLANG_WARN_INFINITE_RECURSION = YES;
				CLANG_WARN_INT_CONVERSION = YES;
				CLANG_WARN_NON_LITERAL_NULL_CONVERSION = YES;
				CLANG_WARN_OBJC_LITERAL_CONVERSION = YES;
				CLANG_WARN_OBJC_ROOT_CLASS = YES_ERROR;
				CLANG_WARN_RANGE_LOOP_ANALYSIS = YES;
				CLANG_WARN_STRICT_PROTOTYPES = YES;
				CLANG_WARN_SUSPICIOUS_MOVE = YES;
				CLANG_WARN_UNGUARDED_AVAILABILITY = YES_AGGRESSIVE;
				CLANG_WARN_UNREACHABLE_CODE = YES;
				CLANG_WARN__DUPLICATE_METHOD_MATCH = YES;
				CODE_SIGN_IDENTITY = "iPhone Developer";
				COPY_PHASE_STRIP = NO;
				DEBUG_INFORMATION_FORMAT = "dwarf-with-dsym";
				ENABLE_NS_ASSERTIONS = NO;
				ENABLE_STRICT_OBJC_MSGSEND = YES;
				GCC_C_LANGUAGE_STANDARD = gnu11;
				GCC_NO_COMMON_BLOCKS = YES;
				GCC_WARN_64_TO_32_BIT_CONVERSION = YES;
				GCC_WARN_ABOUT_RETURN_TYPE = YES_ERROR;
				GCC_WARN_UNDECLARED_SELECTOR = YES;
				GCC_WARN_UNINITIALIZED_AUTOS = YES_AGGRESSIVE;
				GCC_WARN_UNUSED_FUNCTION = YES;
				GCC_WARN_UNUSED_VARIABLE = YES;
				IPHONEOS_DEPLOYMENT_TARGET = 11.2;
				MTL_ENABLE_DEBUG_INFO = NO;
				SDKROOT = iphoneos;
				SWIFT_OPTIMIZATION_LEVEL = "-Owholemodule";
				VALIDATE_PRODUCT = YES;
			};
			name = Release;
		};
		D551E1A42050B97700B3D537 /* Debug */ = {
			isa = XCBuildConfiguration;
			buildSettings = {
				ASSETCATALOG_COMPILER_APPICON_NAME = AppIcon;
				CODE_SIGN_STYLE = Automatic;
				INFOPLIST_FILE = "Modali-TrackMyJunkFood/Info.plist";
				LD_RUNPATH_SEARCH_PATHS = "$(inherited) @executable_path/Frameworks";
				PRODUCT_BUNDLE_IDENTIFIER = "Sravanthi.Modali-TrackMyJunkFood";
				PRODUCT_NAME = "$(TARGET_NAME)";
				SWIFT_VERSION = 4.0;
				TARGETED_DEVICE_FAMILY = "1,2";
			};
			name = Debug;
		};
		D551E1A52050B97700B3D537 /* Release */ = {
			isa = XCBuildConfiguration;
			buildSettings = {
				ASSETCATALOG_COMPILER_APPICON_NAME = AppIcon;
				CODE_SIGN_STYLE = Automatic;
				INFOPLIST_FILE = "Modali-TrackMyJunkFood/Info.plist";
				LD_RUNPATH_SEARCH_PATHS = "$(inherited) @executable_path/Frameworks";
				PRODUCT_BUNDLE_IDENTIFIER = "Sravanthi.Modali-TrackMyJunkFood";
				PRODUCT_NAME = "$(TARGET_NAME)";
				SWIFT_VERSION = 4.0;
				TARGETED_DEVICE_FAMILY = "1,2";
			};
			name = Release;
		};
/* End XCBuildConfiguration section */

/* Begin XCConfigurationList section */
		D551E18C2050B97700B3D537 /* Build configuration list for PBXProject "Modali-TrackMyJunkFood" */ = {
			isa = XCConfigurationList;
			buildConfigurations = (
				D551E1A12050B97700B3D537 /* Debug */,
				D551E1A22050B97700B3D537 /* Release */,
			);
			defaultConfigurationIsVisible = 0;
			defaultConfigurationName = Release;
		};
		D551E1A32050B97700B3D537 /* Build configuration list for PBXNativeTarget "Modali-TrackMyJunkFood" */ = {
			isa = XCConfigurationList;
			buildConfigurations = (
				D551E1A42050B97700B3D537 /* Debug */,
				D551E1A52050B97700B3D537 /* Release */,
			);
			defaultConfigurationIsVisible = 0;
			defaultConfigurationName = Release;
		};
/* End XCConfigurationList section */
	};
	rootObject = D551E1892050B97700B3D537 /* Project object */;
}
